// !$*UTF8*$!
{
	archiveVersion = 1;
	classes = {
	};
	objectVersion = 56;
	objects = {

/* Begin PBXBuildFile section */
		4378B5602B90F915006CC18E /* DetailsSquareSubBlock.swift in Sources */ = {isa = PBXBuildFile; fileRef = 4378B55F2B90F915006CC18E /* DetailsSquareSubBlock.swift */; };
		437ABC882B824CA200E7EAA0 /* Extension+String.swift in Sources */ = {isa = PBXBuildFile; fileRef = 437ABC872B824CA200E7EAA0 /* Extension+String.swift */; };
		437ABC8B2B824E0100E7EAA0 /* Localizable.strings in Resources */ = {isa = PBXBuildFile; fileRef = 437ABC8D2B824E0100E7EAA0 /* Localizable.strings */; };
		437ABC8F2B824FCF00E7EAA0 /* Localizable.strings in Resources */ = {isa = PBXBuildFile; fileRef = 437ABC8D2B824E0100E7EAA0 /* Localizable.strings */; };
		437F7C492B8A3E41006DB2F3 /* HeadBlockView.swift in Sources */ = {isa = PBXBuildFile; fileRef = 437F7C482B8A3E41006DB2F3 /* HeadBlockView.swift */; };
		43829DDB2B8E270900E99F42 /* ArrowScaledView.swift in Sources */ = {isa = PBXBuildFile; fileRef = 43829DDA2B8E270900E99F42 /* ArrowScaledView.swift */; };
		43829DDD2B8E30C900E99F42 /* NameAndCountryBlock.swift in Sources */ = {isa = PBXBuildFile; fileRef = 43829DDC2B8E30C900E99F42 /* NameAndCountryBlock.swift */; };
		43829DDF2B90DC4000E99F42 /* DetailsLongSubBlock.swift in Sources */ = {isa = PBXBuildFile; fileRef = 43829DDE2B90DC4000E99F42 /* DetailsLongSubBlock.swift */; };
		43D5F54B2B7A764D0030DBF5 /* AppDelegate.swift in Sources */ = {isa = PBXBuildFile; fileRef = 43D5F54A2B7A764D0030DBF5 /* AppDelegate.swift */; };
		43D5F54D2B7A764D0030DBF5 /* SceneDelegate.swift in Sources */ = {isa = PBXBuildFile; fileRef = 43D5F54C2B7A764D0030DBF5 /* SceneDelegate.swift */; };
		43D5F5542B7A76510030DBF5 /* Assets.xcassets in Resources */ = {isa = PBXBuildFile; fileRef = 43D5F5532B7A76510030DBF5 /* Assets.xcassets */; };
		43D5F5572B7A76510030DBF5 /* LaunchScreen.storyboard in Resources */ = {isa = PBXBuildFile; fileRef = 43D5F5552B7A76510030DBF5 /* LaunchScreen.storyboard */; };
		43D5F57D2B7A79F80030DBF5 /* WidgetWorker.swift in Sources */ = {isa = PBXBuildFile; fileRef = 43D5F5742B7A79F80030DBF5 /* WidgetWorker.swift */; };
		43D5F57E2B7A79F80030DBF5 /* ExchangeWorker.swift in Sources */ = {isa = PBXBuildFile; fileRef = 43D5F5752B7A79F80030DBF5 /* ExchangeWorker.swift */; };
		43D5F57F2B7A79F80030DBF5 /* SettingsWorker.swift in Sources */ = {isa = PBXBuildFile; fileRef = 43D5F5762B7A79F80030DBF5 /* SettingsWorker.swift */; };
		43D5F5802B7A79F80030DBF5 /* ColorWorker.swift in Sources */ = {isa = PBXBuildFile; fileRef = 43D5F5772B7A79F80030DBF5 /* ColorWorker.swift */; };
		43D5F5822B7A79F80030DBF5 /* CurrencyFetcher.swift in Sources */ = {isa = PBXBuildFile; fileRef = 43D5F5792B7A79F80030DBF5 /* CurrencyFetcher.swift */; };
		43D5F5832B7A79F80030DBF5 /* CoinPairWorker.swift in Sources */ = {isa = PBXBuildFile; fileRef = 43D5F57A2B7A79F80030DBF5 /* CoinPairWorker.swift */; };
		43D5F5842B7A79F80030DBF5 /* UniversalCoinWorker.swift in Sources */ = {isa = PBXBuildFile; fileRef = 43D5F57B2B7A79F80030DBF5 /* UniversalCoinWorker.swift */; };
		43D5F5852B7A79F80030DBF5 /* CoreWorker.swift in Sources */ = {isa = PBXBuildFile; fileRef = 43D5F57C2B7A79F80030DBF5 /* CoreWorker.swift */; };
		43D5F58A2B7A7A1C0030DBF5 /* AppColors.swift in Sources */ = {isa = PBXBuildFile; fileRef = 43D5F5872B7A7A1C0030DBF5 /* AppColors.swift */; };
		43D5F58B2B7A7A1C0030DBF5 /* CoinUniversal.swift in Sources */ = {isa = PBXBuildFile; fileRef = 43D5F5882B7A7A1C0030DBF5 /* CoinUniversal.swift */; };
		43D5F58C2B7A7A1C0030DBF5 /* Theme.swift in Sources */ = {isa = PBXBuildFile; fileRef = 43D5F5892B7A7A1C0030DBF5 /* Theme.swift */; };
		43D5F5AF2B7A7A260030DBF5 /* DetailsViewModel.swift in Sources */ = {isa = PBXBuildFile; fileRef = 43D5F5902B7A7A260030DBF5 /* DetailsViewModel.swift */; };
		43D5F5B02B7A7A260030DBF5 /* DetailsViewController.swift in Sources */ = {isa = PBXBuildFile; fileRef = 43D5F5912B7A7A260030DBF5 /* DetailsViewController.swift */; };
		43D5F5B12B7A7A260030DBF5 /* HomeViewController.swift in Sources */ = {isa = PBXBuildFile; fileRef = 43D5F5922B7A7A260030DBF5 /* HomeViewController.swift */; };
		43D5F5B32B7A7A260030DBF5 /* AddTileUIView.swift in Sources */ = {isa = PBXBuildFile; fileRef = 43D5F5952B7A7A260030DBF5 /* AddTileUIView.swift */; };
		43D5F5B42B7A7A260030DBF5 /* CurrencyPairsListViewModel.swift in Sources */ = {isa = PBXBuildFile; fileRef = 43D5F5972B7A7A260030DBF5 /* CurrencyPairsListViewModel.swift */; };
		43D5F5B52B7A7A260030DBF5 /* CurrencyPairsListViewController.swift in Sources */ = {isa = PBXBuildFile; fileRef = 43D5F5982B7A7A260030DBF5 /* CurrencyPairsListViewController.swift */; };
		43D5F5B62B7A7A260030DBF5 /* CurrencyPairCell.swift in Sources */ = {isa = PBXBuildFile; fileRef = 43D5F5992B7A7A260030DBF5 /* CurrencyPairCell.swift */; };
		43D5F5B72B7A7A260030DBF5 /* CurrencyPairCellModel.swift in Sources */ = {isa = PBXBuildFile; fileRef = 43D5F59A2B7A7A260030DBF5 /* CurrencyPairCellModel.swift */; };
		43D5F5B82B7A7A260030DBF5 /* HeaderView.swift in Sources */ = {isa = PBXBuildFile; fileRef = 43D5F59B2B7A7A260030DBF5 /* HeaderView.swift */; };
		43D5F5B92B7A7A260030DBF5 /* ChooseCurrencyViewController.swift in Sources */ = {isa = PBXBuildFile; fileRef = 43D5F59D2B7A7A260030DBF5 /* ChooseCurrencyViewController.swift */; };
		43D5F5BA2B7A7A260030DBF5 /* ChooseCurrencyTableViewCell.swift in Sources */ = {isa = PBXBuildFile; fileRef = 43D5F59E2B7A7A260030DBF5 /* ChooseCurrencyTableViewCell.swift */; };
		43D5F5BB2B7A7A260030DBF5 /* EnterCurrencyView.swift in Sources */ = {isa = PBXBuildFile; fileRef = 43D5F5A02B7A7A260030DBF5 /* EnterCurrencyView.swift */; };
		43D5F5BC2B7A7A260030DBF5 /* ExchangeViewController.swift in Sources */ = {isa = PBXBuildFile; fileRef = 43D5F5A12B7A7A260030DBF5 /* ExchangeViewController.swift */; };
		43D5F5BD2B7A7A260030DBF5 /* ExchangeViewModel.swift in Sources */ = {isa = PBXBuildFile; fileRef = 43D5F5A22B7A7A260030DBF5 /* ExchangeViewModel.swift */; };
		43D5F5BE2B7A7A260030DBF5 /* SettingsViewModel.swift in Sources */ = {isa = PBXBuildFile; fileRef = 43D5F5A42B7A7A260030DBF5 /* SettingsViewModel.swift */; };
		43D5F5BF2B7A7A260030DBF5 /* SettingsTableViewCell.swift in Sources */ = {isa = PBXBuildFile; fileRef = 43D5F5A52B7A7A260030DBF5 /* SettingsTableViewCell.swift */; };
		43D5F5C02B7A7A260030DBF5 /* SettingsViewController.swift in Sources */ = {isa = PBXBuildFile; fileRef = 43D5F5A62B7A7A260030DBF5 /* SettingsViewController.swift */; };
		43D5F5C12B7A7A260030DBF5 /* CurrencyListTableViewController.swift in Sources */ = {isa = PBXBuildFile; fileRef = 43D5F5A82B7A7A260030DBF5 /* CurrencyListTableViewController.swift */; };
		43D5F5C22B7A7A260030DBF5 /* CornersWhiteSegmentedControl.swift in Sources */ = {isa = PBXBuildFile; fileRef = 43D5F5AA2B7A7A260030DBF5 /* CornersWhiteSegmentedControl.swift */; };
		43D5F5C32B7A7A260030DBF5 /* CurrencyListTableViewCell.swift in Sources */ = {isa = PBXBuildFile; fileRef = 43D5F5AB2B7A7A260030DBF5 /* CurrencyListTableViewCell.swift */; };
		43D5F5C42B7A7A260030DBF5 /* CurrencyListViewModelV2.swift in Sources */ = {isa = PBXBuildFile; fileRef = 43D5F5AC2B7A7A260030DBF5 /* CurrencyListViewModelV2.swift */; };
		43D5F5C52B7A7A260030DBF5 /* SecondViewController.swift in Sources */ = {isa = PBXBuildFile; fileRef = 43D5F5AD2B7A7A260030DBF5 /* SecondViewController.swift */; };
		43D5F5C62B7A7A270030DBF5 /* TabBarViewController.swift in Sources */ = {isa = PBXBuildFile; fileRef = 43D5F5AE2B7A7A260030DBF5 /* TabBarViewController.swift */; };
		43D5F5ED2B7A85750030DBF5 /* WidgetKit.framework in Frameworks */ = {isa = PBXBuildFile; fileRef = 43D5F5EC2B7A85750030DBF5 /* WidgetKit.framework */; };
		43D5F5EF2B7A85750030DBF5 /* SwiftUI.framework in Frameworks */ = {isa = PBXBuildFile; fileRef = 43D5F5EE2B7A85750030DBF5 /* SwiftUI.framework */; };
		43D5F5F22B7A85750030DBF5 /* Widget_Money_ExtensionBundle.swift in Sources */ = {isa = PBXBuildFile; fileRef = 43D5F5F12B7A85750030DBF5 /* Widget_Money_ExtensionBundle.swift */; };
		43D5F5F42B7A85750030DBF5 /* Widget_Money_Extension.swift in Sources */ = {isa = PBXBuildFile; fileRef = 43D5F5F32B7A85750030DBF5 /* Widget_Money_Extension.swift */; };
		43D5F5F62B7A857D0030DBF5 /* Assets.xcassets in Resources */ = {isa = PBXBuildFile; fileRef = 43D5F5F52B7A857D0030DBF5 /* Assets.xcassets */; };
		43D5F5FA2B7A857D0030DBF5 /* Widget Money ExtensionExtension.appex in Embed Foundation Extensions */ = {isa = PBXBuildFile; fileRef = 43D5F5EB2B7A85750030DBF5 /* Widget Money ExtensionExtension.appex */; settings = {ATTRIBUTES = (RemoveHeadersOnCopy, ); }; };
		43D5F6022B7A86830030DBF5 /* SmallCell.swift in Sources */ = {isa = PBXBuildFile; fileRef = 43D5F6002B7A86820030DBF5 /* SmallCell.swift */; };
		43D5F6032B7A86830030DBF5 /* SmallCell.swift in Sources */ = {isa = PBXBuildFile; fileRef = 43D5F6002B7A86820030DBF5 /* SmallCell.swift */; };
		43D5F6042B7A86830030DBF5 /* SmallWidgetView.swift in Sources */ = {isa = PBXBuildFile; fileRef = 43D5F6012B7A86820030DBF5 /* SmallWidgetView.swift */; };
		43D5F6052B7A86830030DBF5 /* SmallWidgetView.swift in Sources */ = {isa = PBXBuildFile; fileRef = 43D5F6012B7A86820030DBF5 /* SmallWidgetView.swift */; };
		43D5F6072B7A869E0030DBF5 /* MediumWidgetView.swift in Sources */ = {isa = PBXBuildFile; fileRef = 43D5F6062B7A869E0030DBF5 /* MediumWidgetView.swift */; };
		43D5F6082B7A869E0030DBF5 /* MediumWidgetView.swift in Sources */ = {isa = PBXBuildFile; fileRef = 43D5F6062B7A869E0030DBF5 /* MediumWidgetView.swift */; };
		43D5F60A2B7A86D70030DBF5 /* WidgetCellModel.swift in Sources */ = {isa = PBXBuildFile; fileRef = 43D5F6092B7A86D70030DBF5 /* WidgetCellModel.swift */; };
		43D5F60B2B7A86D70030DBF5 /* WidgetCellModel.swift in Sources */ = {isa = PBXBuildFile; fileRef = 43D5F6092B7A86D70030DBF5 /* WidgetCellModel.swift */; };
		43D5F60D2B7A86F60030DBF5 /* BigCell.swift in Sources */ = {isa = PBXBuildFile; fileRef = 43D5F60C2B7A86F60030DBF5 /* BigCell.swift */; };
		43D5F60E2B7A86F60030DBF5 /* BigCell.swift in Sources */ = {isa = PBXBuildFile; fileRef = 43D5F60C2B7A86F60030DBF5 /* BigCell.swift */; };
		43D5F6122B7A89280030DBF5 /* EmptyCell.swift in Sources */ = {isa = PBXBuildFile; fileRef = 43D5F6112B7A89280030DBF5 /* EmptyCell.swift */; };
		43D5F6132B7A89280030DBF5 /* EmptyCell.swift in Sources */ = {isa = PBXBuildFile; fileRef = 43D5F6112B7A89280030DBF5 /* EmptyCell.swift */; };
		8439278B2BC9354200FED905 /* FirebaseAnalytics in Frameworks */ = {isa = PBXBuildFile; productRef = 8439278A2BC9354200FED905 /* FirebaseAnalytics */; };
		8439278D2BC9354200FED905 /* FirebaseAnalyticsSwift in Frameworks */ = {isa = PBXBuildFile; productRef = 8439278C2BC9354200FED905 /* FirebaseAnalyticsSwift */; };
		8439278F2BC9354200FED905 /* FirebaseFunctions in Frameworks */ = {isa = PBXBuildFile; productRef = 8439278E2BC9354200FED905 /* FirebaseFunctions */; };
		8450C9DA2BD6CAB000E1C255 /* CustomDivider.swift in Sources */ = {isa = PBXBuildFile; fileRef = 8450C9D92BD6CAB000E1C255 /* CustomDivider.swift */; };
		8450C9DB2BD6CAB000E1C255 /* CustomDivider.swift in Sources */ = {isa = PBXBuildFile; fileRef = 8450C9D92BD6CAB000E1C255 /* CustomDivider.swift */; };
		8450C9DD2BD7D08E00E1C255 /* GoogleService-Info.plist in Resources */ = {isa = PBXBuildFile; fileRef = 8450C9DC2BD7D08E00E1C255 /* GoogleService-Info.plist */; };
		8450C9E02BD80D3A00E1C255 /* GoogleMobileAds in Frameworks */ = {isa = PBXBuildFile; productRef = 8450C9DF2BD80D3A00E1C255 /* GoogleMobileAds */; };
		8450C9E32BDAC18200E1C255 /* BottomBlockView.swift in Sources */ = {isa = PBXBuildFile; fileRef = 8450C9E22BDAC18200E1C255 /* BottomBlockView.swift */; };
		846073642BBC9F6A007AF93E /* ExtensionsForIOS17.swift in Sources */ = {isa = PBXBuildFile; fileRef = 846073622BBC9F6A007AF93E /* ExtensionsForIOS17.swift */; };
		846073652BBCA000007AF93E /* ExtensionsForIOS17.swift in Sources */ = {isa = PBXBuildFile; fileRef = 846073622BBC9F6A007AF93E /* ExtensionsForIOS17.swift */; };
		846073672BBDF752007AF93E /* SettingsHeaderView.swift in Sources */ = {isa = PBXBuildFile; fileRef = 846073662BBDF752007AF93E /* SettingsHeaderView.swift */; };
		846073FF2BC6F787007AF93E /* Light 2.png in Resources */ = {isa = PBXBuildFile; fileRef = 846073FE2BC6F787007AF93E /* Light 2.png */; };
		846074012BC6F78E007AF93E /* Light 1.png in Resources */ = {isa = PBXBuildFile; fileRef = 846074002BC6F78E007AF93E /* Light 1.png */; };
		846074032BC6F796007AF93E /* Light 3.png in Resources */ = {isa = PBXBuildFile; fileRef = 846074022BC6F796007AF93E /* Light 3.png */; };
		846074052BC6F7A0007AF93E /* Dark 1.png in Resources */ = {isa = PBXBuildFile; fileRef = 846074042BC6F7A0007AF93E /* Dark 1.png */; };
		846074072BC6F7A8007AF93E /* Dark 2.png in Resources */ = {isa = PBXBuildFile; fileRef = 846074062BC6F7A8007AF93E /* Dark 2.png */; };
		846074092BC6F7B0007AF93E /* Dark 3.png in Resources */ = {isa = PBXBuildFile; fileRef = 846074082BC6F7B0007AF93E /* Dark 3.png */; };
		8460740B2BC6F7B9007AF93E /* Widgets.png in Resources */ = {isa = PBXBuildFile; fileRef = 8460740A2BC6F7B9007AF93E /* Widgets.png */; };
		846074292BC7E402007AF93E /* .gitignore in Resources */ = {isa = PBXBuildFile; fileRef = 846074282BC7E402007AF93E /* .gitignore */; };
		8460742A2BC7E402007AF93E /* .gitignore in Resources */ = {isa = PBXBuildFile; fileRef = 846074282BC7E402007AF93E /* .gitignore */; };
		846074342BC7EAB7007AF93E /* RxBlocking.xcframework in Frameworks */ = {isa = PBXBuildFile; fileRef = 8460742B2BC7EAB7007AF93E /* RxBlocking.xcframework */; };
		846074352BC7EAB7007AF93E /* RxBlocking.xcframework in Embed Frameworks */ = {isa = PBXBuildFile; fileRef = 8460742B2BC7EAB7007AF93E /* RxBlocking.xcframework */; settings = {ATTRIBUTES = (CodeSignOnCopy, RemoveHeadersOnCopy, ); }; };
		846074362BC7EAB7007AF93E /* RxCocoa.xcframework in Frameworks */ = {isa = PBXBuildFile; fileRef = 8460742C2BC7EAB7007AF93E /* RxCocoa.xcframework */; };
		846074372BC7EAB7007AF93E /* RxCocoa.xcframework in Embed Frameworks */ = {isa = PBXBuildFile; fileRef = 8460742C2BC7EAB7007AF93E /* RxCocoa.xcframework */; settings = {ATTRIBUTES = (CodeSignOnCopy, RemoveHeadersOnCopy, ); }; };
		846074382BC7EAB7007AF93E /* RxDataSources.xcframework in Frameworks */ = {isa = PBXBuildFile; fileRef = 8460742D2BC7EAB7007AF93E /* RxDataSources.xcframework */; };
		846074392BC7EAB7007AF93E /* RxDataSources.xcframework in Embed Frameworks */ = {isa = PBXBuildFile; fileRef = 8460742D2BC7EAB7007AF93E /* RxDataSources.xcframework */; settings = {ATTRIBUTES = (CodeSignOnCopy, RemoveHeadersOnCopy, ); }; };
		8460743A2BC7EAB7007AF93E /* RxSwift.xcframework in Frameworks */ = {isa = PBXBuildFile; fileRef = 8460742E2BC7EAB7007AF93E /* RxSwift.xcframework */; };
		8460743B2BC7EAB7007AF93E /* RxSwift.xcframework in Embed Frameworks */ = {isa = PBXBuildFile; fileRef = 8460742E2BC7EAB7007AF93E /* RxSwift.xcframework */; settings = {ATTRIBUTES = (CodeSignOnCopy, RemoveHeadersOnCopy, ); }; };
		8460743C2BC7EAB7007AF93E /* SDWebImageMapKit.xcframework in Frameworks */ = {isa = PBXBuildFile; fileRef = 8460742F2BC7EAB7007AF93E /* SDWebImageMapKit.xcframework */; };
		8460743D2BC7EAB7007AF93E /* SDWebImageMapKit.xcframework in Embed Frameworks */ = {isa = PBXBuildFile; fileRef = 8460742F2BC7EAB7007AF93E /* SDWebImageMapKit.xcframework */; settings = {ATTRIBUTES = (CodeSignOnCopy, RemoveHeadersOnCopy, ); }; };
		8460743E2BC7EAB7007AF93E /* Differentiator.xcframework in Frameworks */ = {isa = PBXBuildFile; fileRef = 846074302BC7EAB7007AF93E /* Differentiator.xcframework */; };
		8460743F2BC7EAB7007AF93E /* Differentiator.xcframework in Embed Frameworks */ = {isa = PBXBuildFile; fileRef = 846074302BC7EAB7007AF93E /* Differentiator.xcframework */; settings = {ATTRIBUTES = (CodeSignOnCopy, RemoveHeadersOnCopy, ); }; };
		846074402BC7EAB7007AF93E /* Alamofire.xcframework in Frameworks */ = {isa = PBXBuildFile; fileRef = 846074312BC7EAB7007AF93E /* Alamofire.xcframework */; };
		846074412BC7EAB7007AF93E /* Alamofire.xcframework in Embed Frameworks */ = {isa = PBXBuildFile; fileRef = 846074312BC7EAB7007AF93E /* Alamofire.xcframework */; settings = {ATTRIBUTES = (CodeSignOnCopy, RemoveHeadersOnCopy, ); }; };
		846074422BC7EAB7007AF93E /* SDWebImage.xcframework in Frameworks */ = {isa = PBXBuildFile; fileRef = 846074322BC7EAB7007AF93E /* SDWebImage.xcframework */; };
		846074432BC7EAB7007AF93E /* SDWebImage.xcframework in Embed Frameworks */ = {isa = PBXBuildFile; fileRef = 846074322BC7EAB7007AF93E /* SDWebImage.xcframework */; settings = {ATTRIBUTES = (CodeSignOnCopy, RemoveHeadersOnCopy, ); }; };
		846074442BC7EAB7007AF93E /* RxRelay.xcframework in Frameworks */ = {isa = PBXBuildFile; fileRef = 846074332BC7EAB7007AF93E /* RxRelay.xcframework */; };
		846074452BC7EAB7007AF93E /* RxRelay.xcframework in Embed Frameworks */ = {isa = PBXBuildFile; fileRef = 846074332BC7EAB7007AF93E /* RxRelay.xcframework */; settings = {ATTRIBUTES = (CodeSignOnCopy, RemoveHeadersOnCopy, ); }; };
		84B95E3F2BD527ED00EE9CEC /* LiteFetcherForWidget.swift in Sources */ = {isa = PBXBuildFile; fileRef = 84B95E3E2BD527ED00EE9CEC /* LiteFetcherForWidget.swift */; };
		84B95E402BD527F000EE9CEC /* LiteFetcherForWidget.swift in Sources */ = {isa = PBXBuildFile; fileRef = 84B95E3E2BD527ED00EE9CEC /* LiteFetcherForWidget.swift */; };
		84B95E412BD5317F00EE9CEC /* CoinUniversal.swift in Sources */ = {isa = PBXBuildFile; fileRef = 43D5F5882B7A7A1C0030DBF5 /* CoinUniversal.swift */; };
		84B95E422BD533B100EE9CEC /* UniversalCoinWorker.swift in Sources */ = {isa = PBXBuildFile; fileRef = 43D5F57B2B7A79F80030DBF5 /* UniversalCoinWorker.swift */; };
		84B95E442BD5430800EE9CEC /* CurrencyFetcher.swift in Sources */ = {isa = PBXBuildFile; fileRef = 43D5F5792B7A79F80030DBF5 /* CurrencyFetcher.swift */; };
/* End PBXBuildFile section */

/* Begin PBXContainerItemProxy section */
		43D5F5F82B7A857D0030DBF5 /* PBXContainerItemProxy */ = {
			isa = PBXContainerItemProxy;
			containerPortal = 43D5F53F2B7A764C0030DBF5 /* Project object */;
			proxyType = 1;
			remoteGlobalIDString = 43D5F5EA2B7A85750030DBF5;
			remoteInfo = "Widget Money ExtensionExtension";
		};
/* End PBXContainerItemProxy section */

/* Begin PBXCopyFilesBuildPhase section */
		43D5F5FB2B7A857D0030DBF5 /* Embed Foundation Extensions */ = {
			isa = PBXCopyFilesBuildPhase;
			buildActionMask = 2147483647;
			dstPath = "";
			dstSubfolderSpec = 13;
			files = (
				43D5F5FA2B7A857D0030DBF5 /* Widget Money ExtensionExtension.appex in Embed Foundation Extensions */,
			);
			name = "Embed Foundation Extensions";
			runOnlyForDeploymentPostprocessing = 0;
		};
		846074462BC7EAB7007AF93E /* Embed Frameworks */ = {
			isa = PBXCopyFilesBuildPhase;
			buildActionMask = 2147483647;
			dstPath = "";
			dstSubfolderSpec = 10;
			files = (
				846074352BC7EAB7007AF93E /* RxBlocking.xcframework in Embed Frameworks */,
				8460743F2BC7EAB7007AF93E /* Differentiator.xcframework in Embed Frameworks */,
				8460743B2BC7EAB7007AF93E /* RxSwift.xcframework in Embed Frameworks */,
				846074452BC7EAB7007AF93E /* RxRelay.xcframework in Embed Frameworks */,
				8460743D2BC7EAB7007AF93E /* SDWebImageMapKit.xcframework in Embed Frameworks */,
				846074372BC7EAB7007AF93E /* RxCocoa.xcframework in Embed Frameworks */,
				846074432BC7EAB7007AF93E /* SDWebImage.xcframework in Embed Frameworks */,
				846074392BC7EAB7007AF93E /* RxDataSources.xcframework in Embed Frameworks */,
				846074412BC7EAB7007AF93E /* Alamofire.xcframework in Embed Frameworks */,
			);
			name = "Embed Frameworks";
			runOnlyForDeploymentPostprocessing = 0;
		};
/* End PBXCopyFilesBuildPhase section */

/* Begin PBXFileReference section */
		4378B55F2B90F915006CC18E /* DetailsSquareSubBlock.swift */ = {isa = PBXFileReference; lastKnownFileType = sourcecode.swift; path = DetailsSquareSubBlock.swift; sourceTree = "<group>"; };
		437ABC872B824CA200E7EAA0 /* Extension+String.swift */ = {isa = PBXFileReference; lastKnownFileType = sourcecode.swift; path = "Extension+String.swift"; sourceTree = "<group>"; };
		437ABC8C2B824E0100E7EAA0 /* en */ = {isa = PBXFileReference; lastKnownFileType = text.plist.strings; name = en; path = en.lproj/Localizable.strings; sourceTree = "<group>"; };
		437ABC902B82509800E7EAA0 /* ru */ = {isa = PBXFileReference; lastKnownFileType = text.plist.strings; name = ru; path = ru.lproj/Localizable.strings; sourceTree = "<group>"; };
		437F7C482B8A3E41006DB2F3 /* HeadBlockView.swift */ = {isa = PBXFileReference; lastKnownFileType = sourcecode.swift; path = HeadBlockView.swift; sourceTree = "<group>"; };
		43829DDA2B8E270900E99F42 /* ArrowScaledView.swift */ = {isa = PBXFileReference; lastKnownFileType = sourcecode.swift; path = ArrowScaledView.swift; sourceTree = "<group>"; };
		43829DDC2B8E30C900E99F42 /* NameAndCountryBlock.swift */ = {isa = PBXFileReference; lastKnownFileType = sourcecode.swift; path = NameAndCountryBlock.swift; sourceTree = "<group>"; };
		43829DDE2B90DC4000E99F42 /* DetailsLongSubBlock.swift */ = {isa = PBXFileReference; lastKnownFileType = sourcecode.swift; path = DetailsLongSubBlock.swift; sourceTree = "<group>"; };
		43D5F5472B7A764D0030DBF5 /* Widget Money.app */ = {isa = PBXFileReference; explicitFileType = wrapper.application; includeInIndex = 0; path = "Widget Money.app"; sourceTree = BUILT_PRODUCTS_DIR; };
		43D5F54A2B7A764D0030DBF5 /* AppDelegate.swift */ = {isa = PBXFileReference; lastKnownFileType = sourcecode.swift; path = AppDelegate.swift; sourceTree = "<group>"; };
		43D5F54C2B7A764D0030DBF5 /* SceneDelegate.swift */ = {isa = PBXFileReference; lastKnownFileType = sourcecode.swift; path = SceneDelegate.swift; sourceTree = "<group>"; };
		43D5F5532B7A76510030DBF5 /* Assets.xcassets */ = {isa = PBXFileReference; lastKnownFileType = folder.assetcatalog; path = Assets.xcassets; sourceTree = "<group>"; };
		43D5F5562B7A76510030DBF5 /* Base */ = {isa = PBXFileReference; lastKnownFileType = file.storyboard; name = Base; path = Base.lproj/LaunchScreen.storyboard; sourceTree = "<group>"; };
		43D5F5582B7A76510030DBF5 /* Info.plist */ = {isa = PBXFileReference; lastKnownFileType = text.plist.xml; path = Info.plist; sourceTree = "<group>"; };
		43D5F5742B7A79F80030DBF5 /* WidgetWorker.swift */ = {isa = PBXFileReference; fileEncoding = 4; lastKnownFileType = sourcecode.swift; path = WidgetWorker.swift; sourceTree = "<group>"; };
		43D5F5752B7A79F80030DBF5 /* ExchangeWorker.swift */ = {isa = PBXFileReference; fileEncoding = 4; lastKnownFileType = sourcecode.swift; path = ExchangeWorker.swift; sourceTree = "<group>"; };
		43D5F5762B7A79F80030DBF5 /* SettingsWorker.swift */ = {isa = PBXFileReference; fileEncoding = 4; lastKnownFileType = sourcecode.swift; path = SettingsWorker.swift; sourceTree = "<group>"; };
		43D5F5772B7A79F80030DBF5 /* ColorWorker.swift */ = {isa = PBXFileReference; fileEncoding = 4; lastKnownFileType = sourcecode.swift; path = ColorWorker.swift; sourceTree = "<group>"; };
		43D5F5792B7A79F80030DBF5 /* CurrencyFetcher.swift */ = {isa = PBXFileReference; fileEncoding = 4; lastKnownFileType = sourcecode.swift; path = CurrencyFetcher.swift; sourceTree = "<group>"; };
		43D5F57A2B7A79F80030DBF5 /* CoinPairWorker.swift */ = {isa = PBXFileReference; fileEncoding = 4; lastKnownFileType = sourcecode.swift; path = CoinPairWorker.swift; sourceTree = "<group>"; };
		43D5F57B2B7A79F80030DBF5 /* UniversalCoinWorker.swift */ = {isa = PBXFileReference; fileEncoding = 4; lastKnownFileType = sourcecode.swift; path = UniversalCoinWorker.swift; sourceTree = "<group>"; };
		43D5F57C2B7A79F80030DBF5 /* CoreWorker.swift */ = {isa = PBXFileReference; fileEncoding = 4; lastKnownFileType = sourcecode.swift; path = CoreWorker.swift; sourceTree = "<group>"; };
		43D5F5872B7A7A1C0030DBF5 /* AppColors.swift */ = {isa = PBXFileReference; fileEncoding = 4; lastKnownFileType = sourcecode.swift; path = AppColors.swift; sourceTree = "<group>"; };
		43D5F5882B7A7A1C0030DBF5 /* CoinUniversal.swift */ = {isa = PBXFileReference; fileEncoding = 4; lastKnownFileType = sourcecode.swift; path = CoinUniversal.swift; sourceTree = "<group>"; };
		43D5F5892B7A7A1C0030DBF5 /* Theme.swift */ = {isa = PBXFileReference; fileEncoding = 4; lastKnownFileType = sourcecode.swift; path = Theme.swift; sourceTree = "<group>"; };
		43D5F5902B7A7A260030DBF5 /* DetailsViewModel.swift */ = {isa = PBXFileReference; fileEncoding = 4; lastKnownFileType = sourcecode.swift; path = DetailsViewModel.swift; sourceTree = "<group>"; };
		43D5F5912B7A7A260030DBF5 /* DetailsViewController.swift */ = {isa = PBXFileReference; fileEncoding = 4; lastKnownFileType = sourcecode.swift; path = DetailsViewController.swift; sourceTree = "<group>"; };
		43D5F5922B7A7A260030DBF5 /* HomeViewController.swift */ = {isa = PBXFileReference; fileEncoding = 4; lastKnownFileType = sourcecode.swift; path = HomeViewController.swift; sourceTree = "<group>"; };
		43D5F5952B7A7A260030DBF5 /* AddTileUIView.swift */ = {isa = PBXFileReference; fileEncoding = 4; lastKnownFileType = sourcecode.swift; path = AddTileUIView.swift; sourceTree = "<group>"; };
		43D5F5972B7A7A260030DBF5 /* CurrencyPairsListViewModel.swift */ = {isa = PBXFileReference; fileEncoding = 4; lastKnownFileType = sourcecode.swift; path = CurrencyPairsListViewModel.swift; sourceTree = "<group>"; };
		43D5F5982B7A7A260030DBF5 /* CurrencyPairsListViewController.swift */ = {isa = PBXFileReference; fileEncoding = 4; lastKnownFileType = sourcecode.swift; path = CurrencyPairsListViewController.swift; sourceTree = "<group>"; };
		43D5F5992B7A7A260030DBF5 /* CurrencyPairCell.swift */ = {isa = PBXFileReference; fileEncoding = 4; lastKnownFileType = sourcecode.swift; path = CurrencyPairCell.swift; sourceTree = "<group>"; };
		43D5F59A2B7A7A260030DBF5 /* CurrencyPairCellModel.swift */ = {isa = PBXFileReference; fileEncoding = 4; lastKnownFileType = sourcecode.swift; path = CurrencyPairCellModel.swift; sourceTree = "<group>"; };
		43D5F59B2B7A7A260030DBF5 /* HeaderView.swift */ = {isa = PBXFileReference; fileEncoding = 4; lastKnownFileType = sourcecode.swift; path = HeaderView.swift; sourceTree = "<group>"; };
		43D5F59D2B7A7A260030DBF5 /* ChooseCurrencyViewController.swift */ = {isa = PBXFileReference; fileEncoding = 4; lastKnownFileType = sourcecode.swift; path = ChooseCurrencyViewController.swift; sourceTree = "<group>"; };
		43D5F59E2B7A7A260030DBF5 /* ChooseCurrencyTableViewCell.swift */ = {isa = PBXFileReference; fileEncoding = 4; lastKnownFileType = sourcecode.swift; path = ChooseCurrencyTableViewCell.swift; sourceTree = "<group>"; };
		43D5F5A02B7A7A260030DBF5 /* EnterCurrencyView.swift */ = {isa = PBXFileReference; fileEncoding = 4; lastKnownFileType = sourcecode.swift; path = EnterCurrencyView.swift; sourceTree = "<group>"; };
		43D5F5A12B7A7A260030DBF5 /* ExchangeViewController.swift */ = {isa = PBXFileReference; fileEncoding = 4; lastKnownFileType = sourcecode.swift; path = ExchangeViewController.swift; sourceTree = "<group>"; };
		43D5F5A22B7A7A260030DBF5 /* ExchangeViewModel.swift */ = {isa = PBXFileReference; fileEncoding = 4; lastKnownFileType = sourcecode.swift; path = ExchangeViewModel.swift; sourceTree = "<group>"; };
		43D5F5A42B7A7A260030DBF5 /* SettingsViewModel.swift */ = {isa = PBXFileReference; fileEncoding = 4; lastKnownFileType = sourcecode.swift; path = SettingsViewModel.swift; sourceTree = "<group>"; };
		43D5F5A52B7A7A260030DBF5 /* SettingsTableViewCell.swift */ = {isa = PBXFileReference; fileEncoding = 4; lastKnownFileType = sourcecode.swift; path = SettingsTableViewCell.swift; sourceTree = "<group>"; };
		43D5F5A62B7A7A260030DBF5 /* SettingsViewController.swift */ = {isa = PBXFileReference; fileEncoding = 4; lastKnownFileType = sourcecode.swift; path = SettingsViewController.swift; sourceTree = "<group>"; };
		43D5F5A82B7A7A260030DBF5 /* CurrencyListTableViewController.swift */ = {isa = PBXFileReference; fileEncoding = 4; lastKnownFileType = sourcecode.swift; path = CurrencyListTableViewController.swift; sourceTree = "<group>"; };
		43D5F5AA2B7A7A260030DBF5 /* CornersWhiteSegmentedControl.swift */ = {isa = PBXFileReference; fileEncoding = 4; lastKnownFileType = sourcecode.swift; path = CornersWhiteSegmentedControl.swift; sourceTree = "<group>"; };
		43D5F5AB2B7A7A260030DBF5 /* CurrencyListTableViewCell.swift */ = {isa = PBXFileReference; fileEncoding = 4; lastKnownFileType = sourcecode.swift; path = CurrencyListTableViewCell.swift; sourceTree = "<group>"; };
		43D5F5AC2B7A7A260030DBF5 /* CurrencyListViewModelV2.swift */ = {isa = PBXFileReference; fileEncoding = 4; lastKnownFileType = sourcecode.swift; path = CurrencyListViewModelV2.swift; sourceTree = "<group>"; };
		43D5F5AD2B7A7A260030DBF5 /* SecondViewController.swift */ = {isa = PBXFileReference; fileEncoding = 4; lastKnownFileType = sourcecode.swift; path = SecondViewController.swift; sourceTree = "<group>"; };
		43D5F5AE2B7A7A260030DBF5 /* TabBarViewController.swift */ = {isa = PBXFileReference; fileEncoding = 4; lastKnownFileType = sourcecode.swift; path = TabBarViewController.swift; sourceTree = "<group>"; };
		43D5F5EB2B7A85750030DBF5 /* Widget Money ExtensionExtension.appex */ = {isa = PBXFileReference; explicitFileType = "wrapper.app-extension"; includeInIndex = 0; path = "Widget Money ExtensionExtension.appex"; sourceTree = BUILT_PRODUCTS_DIR; };
		43D5F5EC2B7A85750030DBF5 /* WidgetKit.framework */ = {isa = PBXFileReference; lastKnownFileType = wrapper.framework; name = WidgetKit.framework; path = System/Library/Frameworks/WidgetKit.framework; sourceTree = SDKROOT; };
		43D5F5EE2B7A85750030DBF5 /* SwiftUI.framework */ = {isa = PBXFileReference; lastKnownFileType = wrapper.framework; name = SwiftUI.framework; path = System/Library/Frameworks/SwiftUI.framework; sourceTree = SDKROOT; };
		43D5F5F12B7A85750030DBF5 /* Widget_Money_ExtensionBundle.swift */ = {isa = PBXFileReference; lastKnownFileType = sourcecode.swift; path = Widget_Money_ExtensionBundle.swift; sourceTree = "<group>"; };
		43D5F5F32B7A85750030DBF5 /* Widget_Money_Extension.swift */ = {isa = PBXFileReference; lastKnownFileType = sourcecode.swift; path = Widget_Money_Extension.swift; sourceTree = "<group>"; };
		43D5F5F52B7A857D0030DBF5 /* Assets.xcassets */ = {isa = PBXFileReference; lastKnownFileType = folder.assetcatalog; path = Assets.xcassets; sourceTree = "<group>"; };
		43D5F5F72B7A857D0030DBF5 /* Info.plist */ = {isa = PBXFileReference; lastKnownFileType = text.plist.xml; path = Info.plist; sourceTree = "<group>"; };
		43D5F6002B7A86820030DBF5 /* SmallCell.swift */ = {isa = PBXFileReference; fileEncoding = 4; lastKnownFileType = sourcecode.swift; path = SmallCell.swift; sourceTree = "<group>"; };
		43D5F6012B7A86820030DBF5 /* SmallWidgetView.swift */ = {isa = PBXFileReference; fileEncoding = 4; lastKnownFileType = sourcecode.swift; path = SmallWidgetView.swift; sourceTree = "<group>"; };
		43D5F6062B7A869E0030DBF5 /* MediumWidgetView.swift */ = {isa = PBXFileReference; fileEncoding = 4; lastKnownFileType = sourcecode.swift; path = MediumWidgetView.swift; sourceTree = "<group>"; };
		43D5F6092B7A86D70030DBF5 /* WidgetCellModel.swift */ = {isa = PBXFileReference; fileEncoding = 4; lastKnownFileType = sourcecode.swift; path = WidgetCellModel.swift; sourceTree = "<group>"; };
		43D5F60C2B7A86F60030DBF5 /* BigCell.swift */ = {isa = PBXFileReference; fileEncoding = 4; lastKnownFileType = sourcecode.swift; path = BigCell.swift; sourceTree = "<group>"; };
		43D5F60F2B7A87540030DBF5 /* Widget Money.entitlements */ = {isa = PBXFileReference; lastKnownFileType = text.plist.entitlements; path = "Widget Money.entitlements"; sourceTree = "<group>"; };
		43D5F6102B7A87750030DBF5 /* Widget Money ExtensionExtension.entitlements */ = {isa = PBXFileReference; lastKnownFileType = text.plist.entitlements; path = "Widget Money ExtensionExtension.entitlements"; sourceTree = "<group>"; };
		43D5F6112B7A89280030DBF5 /* EmptyCell.swift */ = {isa = PBXFileReference; lastKnownFileType = sourcecode.swift; path = EmptyCell.swift; sourceTree = "<group>"; };
		8450C9D92BD6CAB000E1C255 /* CustomDivider.swift */ = {isa = PBXFileReference; lastKnownFileType = sourcecode.swift; path = CustomDivider.swift; sourceTree = "<group>"; };
		8450C9DC2BD7D08E00E1C255 /* GoogleService-Info.plist */ = {isa = PBXFileReference; fileEncoding = 4; lastKnownFileType = text.plist.xml; path = "GoogleService-Info.plist"; sourceTree = "<group>"; };
		8450C9E22BDAC18200E1C255 /* BottomBlockView.swift */ = {isa = PBXFileReference; lastKnownFileType = sourcecode.swift; path = BottomBlockView.swift; sourceTree = "<group>"; };
		846073432BBB1A8B007AF93E /* Differentiator.xcframework */ = {isa = PBXFileReference; lastKnownFileType = wrapper.xcframework; name = Differentiator.xcframework; path = ../Projects/Extentions/Carthage/Build/Differentiator.xcframework; sourceTree = "<group>"; };
		846073442BBB1A8B007AF93E /* RxSwift.xcframework */ = {isa = PBXFileReference; lastKnownFileType = wrapper.xcframework; name = RxSwift.xcframework; path = ../Projects/Extentions/Carthage/Build/RxSwift.xcframework; sourceTree = "<group>"; };
		846073452BBB1A8B007AF93E /* Alamofire.xcframework */ = {isa = PBXFileReference; lastKnownFileType = wrapper.xcframework; name = Alamofire.xcframework; path = ../Projects/Extentions/Carthage/Build/Alamofire.xcframework; sourceTree = "<group>"; };
		846073462BBB1A8B007AF93E /* RxRelay.xcframework */ = {isa = PBXFileReference; lastKnownFileType = wrapper.xcframework; name = RxRelay.xcframework; path = ../Projects/Extentions/Carthage/Build/RxRelay.xcframework; sourceTree = "<group>"; };
		846073472BBB1A8B007AF93E /* SDWebImage.xcframework */ = {isa = PBXFileReference; lastKnownFileType = wrapper.xcframework; name = SDWebImage.xcframework; path = ../Projects/Extentions/Carthage/Build/SDWebImage.xcframework; sourceTree = "<group>"; };
		846073482BBB1A8B007AF93E /* RxDataSources.xcframework */ = {isa = PBXFileReference; lastKnownFileType = wrapper.xcframework; name = RxDataSources.xcframework; path = ../Projects/Extentions/Carthage/Build/RxDataSources.xcframework; sourceTree = "<group>"; };
		846073492BBB1A8B007AF93E /* RxBlocking.xcframework */ = {isa = PBXFileReference; lastKnownFileType = wrapper.xcframework; name = RxBlocking.xcframework; path = ../Projects/Extentions/Carthage/Build/RxBlocking.xcframework; sourceTree = "<group>"; };
		8460734A2BBB1A8B007AF93E /* RxCocoa.xcframework */ = {isa = PBXFileReference; lastKnownFileType = wrapper.xcframework; name = RxCocoa.xcframework; path = ../Projects/Extentions/Carthage/Build/RxCocoa.xcframework; sourceTree = "<group>"; };
		8460734B2BBB1A8B007AF93E /* SDWebImageMapKit.xcframework */ = {isa = PBXFileReference; lastKnownFileType = wrapper.xcframework; name = SDWebImageMapKit.xcframework; path = ../Projects/Extentions/Carthage/Build/SDWebImageMapKit.xcframework; sourceTree = "<group>"; };
		8460734C2BBB1A8B007AF93E /* RxTest.xcframework */ = {isa = PBXFileReference; lastKnownFileType = wrapper.xcframework; name = RxTest.xcframework; path = ../Projects/Extentions/Carthage/Build/RxTest.xcframework; sourceTree = "<group>"; };
		846073622BBC9F6A007AF93E /* ExtensionsForIOS17.swift */ = {isa = PBXFileReference; lastKnownFileType = sourcecode.swift; path = ExtensionsForIOS17.swift; sourceTree = "<group>"; };
		846073662BBDF752007AF93E /* SettingsHeaderView.swift */ = {isa = PBXFileReference; lastKnownFileType = sourcecode.swift; path = SettingsHeaderView.swift; sourceTree = "<group>"; };
		846073FB2BC6F5B3007AF93E /* README.md */ = {isa = PBXFileReference; lastKnownFileType = net.daringfireball.markdown; path = README.md; sourceTree = "<group>"; };
		846073FE2BC6F787007AF93E /* Light 2.png */ = {isa = PBXFileReference; lastKnownFileType = image.png; path = "Light 2.png"; sourceTree = "<group>"; };
		846074002BC6F78E007AF93E /* Light 1.png */ = {isa = PBXFileReference; lastKnownFileType = image.png; path = "Light 1.png"; sourceTree = "<group>"; };
		846074022BC6F796007AF93E /* Light 3.png */ = {isa = PBXFileReference; lastKnownFileType = image.png; path = "Light 3.png"; sourceTree = "<group>"; };
		846074042BC6F7A0007AF93E /* Dark 1.png */ = {isa = PBXFileReference; lastKnownFileType = image.png; path = "Dark 1.png"; sourceTree = "<group>"; };
		846074062BC6F7A8007AF93E /* Dark 2.png */ = {isa = PBXFileReference; lastKnownFileType = image.png; path = "Dark 2.png"; sourceTree = "<group>"; };
		846074082BC6F7B0007AF93E /* Dark 3.png */ = {isa = PBXFileReference; lastKnownFileType = image.png; path = "Dark 3.png"; sourceTree = "<group>"; };
		8460740A2BC6F7B9007AF93E /* Widgets.png */ = {isa = PBXFileReference; lastKnownFileType = image.png; path = Widgets.png; sourceTree = "<group>"; };
		846074282BC7E402007AF93E /* .gitignore */ = {isa = PBXFileReference; lastKnownFileType = text; path = .gitignore; sourceTree = "<group>"; };
		8460742B2BC7EAB7007AF93E /* RxBlocking.xcframework */ = {isa = PBXFileReference; lastKnownFileType = wrapper.xcframework; name = RxBlocking.xcframework; path = ../../Desktop/Projects/Extentions/Carthage/Build/RxBlocking.xcframework; sourceTree = "<group>"; };
		8460742C2BC7EAB7007AF93E /* RxCocoa.xcframework */ = {isa = PBXFileReference; lastKnownFileType = wrapper.xcframework; name = RxCocoa.xcframework; path = ../../Desktop/Projects/Extentions/Carthage/Build/RxCocoa.xcframework; sourceTree = "<group>"; };
		8460742D2BC7EAB7007AF93E /* RxDataSources.xcframework */ = {isa = PBXFileReference; lastKnownFileType = wrapper.xcframework; name = RxDataSources.xcframework; path = ../../Desktop/Projects/Extentions/Carthage/Build/RxDataSources.xcframework; sourceTree = "<group>"; };
		8460742E2BC7EAB7007AF93E /* RxSwift.xcframework */ = {isa = PBXFileReference; lastKnownFileType = wrapper.xcframework; name = RxSwift.xcframework; path = ../../Desktop/Projects/Extentions/Carthage/Build/RxSwift.xcframework; sourceTree = "<group>"; };
		8460742F2BC7EAB7007AF93E /* SDWebImageMapKit.xcframework */ = {isa = PBXFileReference; lastKnownFileType = wrapper.xcframework; name = SDWebImageMapKit.xcframework; path = ../../Desktop/Projects/Extentions/Carthage/Build/SDWebImageMapKit.xcframework; sourceTree = "<group>"; };
		846074302BC7EAB7007AF93E /* Differentiator.xcframework */ = {isa = PBXFileReference; lastKnownFileType = wrapper.xcframework; name = Differentiator.xcframework; path = ../../Desktop/Projects/Extentions/Carthage/Build/Differentiator.xcframework; sourceTree = "<group>"; };
		846074312BC7EAB7007AF93E /* Alamofire.xcframework */ = {isa = PBXFileReference; lastKnownFileType = wrapper.xcframework; name = Alamofire.xcframework; path = ../../Desktop/Projects/Extentions/Carthage/Build/Alamofire.xcframework; sourceTree = "<group>"; };
		846074322BC7EAB7007AF93E /* SDWebImage.xcframework */ = {isa = PBXFileReference; lastKnownFileType = wrapper.xcframework; name = SDWebImage.xcframework; path = ../../Desktop/Projects/Extentions/Carthage/Build/SDWebImage.xcframework; sourceTree = "<group>"; };
		846074332BC7EAB7007AF93E /* RxRelay.xcframework */ = {isa = PBXFileReference; lastKnownFileType = wrapper.xcframework; name = RxRelay.xcframework; path = ../../Desktop/Projects/Extentions/Carthage/Build/RxRelay.xcframework; sourceTree = "<group>"; };
		84B95E3E2BD527ED00EE9CEC /* LiteFetcherForWidget.swift */ = {isa = PBXFileReference; lastKnownFileType = sourcecode.swift; path = LiteFetcherForWidget.swift; sourceTree = "<group>"; };
/* End PBXFileReference section */

/* Begin PBXFrameworksBuildPhase section */
		43D5F5442B7A764D0030DBF5 /* Frameworks */ = {
			isa = PBXFrameworksBuildPhase;
			buildActionMask = 2147483647;
			files = (
				846074342BC7EAB7007AF93E /* RxBlocking.xcframework in Frameworks */,
				8460743E2BC7EAB7007AF93E /* Differentiator.xcframework in Frameworks */,
				8460743A2BC7EAB7007AF93E /* RxSwift.xcframework in Frameworks */,
				8439278F2BC9354200FED905 /* FirebaseFunctions in Frameworks */,
				8439278D2BC9354200FED905 /* FirebaseAnalyticsSwift in Frameworks */,
				8450C9E02BD80D3A00E1C255 /* GoogleMobileAds in Frameworks */,
				846074442BC7EAB7007AF93E /* RxRelay.xcframework in Frameworks */,
				8460743C2BC7EAB7007AF93E /* SDWebImageMapKit.xcframework in Frameworks */,
				846074362BC7EAB7007AF93E /* RxCocoa.xcframework in Frameworks */,
				846074422BC7EAB7007AF93E /* SDWebImage.xcframework in Frameworks */,
				846074382BC7EAB7007AF93E /* RxDataSources.xcframework in Frameworks */,
				8439278B2BC9354200FED905 /* FirebaseAnalytics in Frameworks */,
				846074402BC7EAB7007AF93E /* Alamofire.xcframework in Frameworks */,
			);
			runOnlyForDeploymentPostprocessing = 0;
		};
		43D5F5E82B7A85750030DBF5 /* Frameworks */ = {
			isa = PBXFrameworksBuildPhase;
			buildActionMask = 2147483647;
			files = (
				43D5F5EF2B7A85750030DBF5 /* SwiftUI.framework in Frameworks */,
				43D5F5ED2B7A85750030DBF5 /* WidgetKit.framework in Frameworks */,
			);
			runOnlyForDeploymentPostprocessing = 0;
		};
/* End PBXFrameworksBuildPhase section */

/* Begin PBXGroup section */
		437ABC862B824C7000E7EAA0 /* Localize */ = {
			isa = PBXGroup;
			children = (
				437ABC872B824CA200E7EAA0 /* Extension+String.swift */,
				437ABC8D2B824E0100E7EAA0 /* Localizable.strings */,
			);
			path = Localize;
			sourceTree = "<group>";
		};
		43829DD92B8E26D700E99F42 /* Subviews */ = {
			isa = PBXGroup;
			children = (
				437F7C482B8A3E41006DB2F3 /* HeadBlockView.swift */,
				43829DDA2B8E270900E99F42 /* ArrowScaledView.swift */,
				43829DDC2B8E30C900E99F42 /* NameAndCountryBlock.swift */,
				43829DDE2B90DC4000E99F42 /* DetailsLongSubBlock.swift */,
				4378B55F2B90F915006CC18E /* DetailsSquareSubBlock.swift */,
			);
			path = Subviews;
			sourceTree = "<group>";
		};
		43D5F53E2B7A764C0030DBF5 = {
			isa = PBXGroup;
			children = (
				846074282BC7E402007AF93E /* .gitignore */,
				43D5F6102B7A87750030DBF5 /* Widget Money ExtensionExtension.entitlements */,
				846073FB2BC6F5B3007AF93E /* README.md */,
				846073FA2BC6F541007AF93E /* Screens */,
				43D5F5492B7A764D0030DBF5 /* Widget Money */,
				43D5F5F02B7A85750030DBF5 /* Widget Money Extension */,
				43D5F5482B7A764D0030DBF5 /* Products */,
				43D5F5C72B7A7BA00030DBF5 /* Frameworks */,
			);
			sourceTree = "<group>";
		};
		43D5F5482B7A764D0030DBF5 /* Products */ = {
			isa = PBXGroup;
			children = (
				43D5F5472B7A764D0030DBF5 /* Widget Money.app */,
				43D5F5EB2B7A85750030DBF5 /* Widget Money ExtensionExtension.appex */,
			);
			name = Products;
			sourceTree = "<group>";
		};
		43D5F5492B7A764D0030DBF5 /* Widget Money */ = {
			isa = PBXGroup;
			children = (
				437ABC862B824C7000E7EAA0 /* Localize */,
				43D5F60F2B7A87540030DBF5 /* Widget Money.entitlements */,
				43D5F54A2B7A764D0030DBF5 /* AppDelegate.swift */,
				43D5F54C2B7A764D0030DBF5 /* SceneDelegate.swift */,
				43D5F5732B7A79F80030DBF5 /* Workers */,
				43D5F5862B7A7A1C0030DBF5 /* Global Models */,
				43D5F58D2B7A7A260030DBF5 /* ViewControllers */,
				43D5F5532B7A76510030DBF5 /* Assets.xcassets */,
				43D5F5552B7A76510030DBF5 /* LaunchScreen.storyboard */,
				8450C9DC2BD7D08E00E1C255 /* GoogleService-Info.plist */,
				43D5F5582B7A76510030DBF5 /* Info.plist */,
			);
			path = "Widget Money";
			sourceTree = "<group>";
		};
		43D5F5732B7A79F80030DBF5 /* Workers */ = {
			isa = PBXGroup;
			children = (
				43D5F57C2B7A79F80030DBF5 /* CoreWorker.swift */,
				43D5F5742B7A79F80030DBF5 /* WidgetWorker.swift */,
				43D5F5752B7A79F80030DBF5 /* ExchangeWorker.swift */,
				43D5F5762B7A79F80030DBF5 /* SettingsWorker.swift */,
				43D5F5772B7A79F80030DBF5 /* ColorWorker.swift */,
				43D5F5792B7A79F80030DBF5 /* CurrencyFetcher.swift */,
				43D5F57A2B7A79F80030DBF5 /* CoinPairWorker.swift */,
				43D5F57B2B7A79F80030DBF5 /* UniversalCoinWorker.swift */,
			);
			path = Workers;
			sourceTree = "<group>";
		};
		43D5F5862B7A7A1C0030DBF5 /* Global Models */ = {
			isa = PBXGroup;
			children = (
				43D5F5872B7A7A1C0030DBF5 /* AppColors.swift */,
				43D5F5882B7A7A1C0030DBF5 /* CoinUniversal.swift */,
				43D5F6092B7A86D70030DBF5 /* WidgetCellModel.swift */,
				43D5F5892B7A7A1C0030DBF5 /* Theme.swift */,
			);
			path = "Global Models";
			sourceTree = "<group>";
		};
		43D5F58D2B7A7A260030DBF5 /* ViewControllers */ = {
			isa = PBXGroup;
			children = (
				43D5F5AE2B7A7A260030DBF5 /* TabBarViewController.swift */,
				43D5F58E2B7A7A260030DBF5 /* Home */,
				43D5F5A72B7A7A260030DBF5 /* SecondController */,
				43D5F5A32B7A7A260030DBF5 /* SettingsViewController */,
			);
			path = ViewControllers;
			sourceTree = "<group>";
		};
		43D5F58E2B7A7A260030DBF5 /* Home */ = {
			isa = PBXGroup;
			children = (
				43D5F5922B7A7A260030DBF5 /* HomeViewController.swift */,
				43D5F59B2B7A7A260030DBF5 /* HeaderView.swift */,
				43D5F5962B7A7A260030DBF5 /* CurrencyPairModule */,
				43D5F59F2B7A7A260030DBF5 /* ExchangeModule */,
				43D5F59C2B7A7A260030DBF5 /* ChooseCurrencyModule */,
				8450C9E12BDAC11700E1C255 /* BottomBlock */,
				43D5F5932B7A7A260030DBF5 /* SubViews */,
			);
			path = Home;
			sourceTree = "<group>";
		};
		43D5F58F2B7A7A260030DBF5 /* DetailsModule */ = {
			isa = PBXGroup;
			children = (
				43829DD92B8E26D700E99F42 /* Subviews */,
				43D5F5902B7A7A260030DBF5 /* DetailsViewModel.swift */,
				43D5F5912B7A7A260030DBF5 /* DetailsViewController.swift */,
			);
			path = DetailsModule;
			sourceTree = "<group>";
		};
		43D5F5932B7A7A260030DBF5 /* SubViews */ = {
			isa = PBXGroup;
			children = (
				43D5F5952B7A7A260030DBF5 /* AddTileUIView.swift */,
			);
			path = SubViews;
			sourceTree = "<group>";
		};
		43D5F5962B7A7A260030DBF5 /* CurrencyPairModule */ = {
			isa = PBXGroup;
			children = (
				43D5F5972B7A7A260030DBF5 /* CurrencyPairsListViewModel.swift */,
				43D5F5982B7A7A260030DBF5 /* CurrencyPairsListViewController.swift */,
				43D5F5992B7A7A260030DBF5 /* CurrencyPairCell.swift */,
				43D5F59A2B7A7A260030DBF5 /* CurrencyPairCellModel.swift */,
			);
			path = CurrencyPairModule;
			sourceTree = "<group>";
		};
		43D5F59C2B7A7A260030DBF5 /* ChooseCurrencyModule */ = {
			isa = PBXGroup;
			children = (
				43D5F59D2B7A7A260030DBF5 /* ChooseCurrencyViewController.swift */,
				43D5F59E2B7A7A260030DBF5 /* ChooseCurrencyTableViewCell.swift */,
			);
			path = ChooseCurrencyModule;
			sourceTree = "<group>";
		};
		43D5F59F2B7A7A260030DBF5 /* ExchangeModule */ = {
			isa = PBXGroup;
			children = (
				43D5F5A02B7A7A260030DBF5 /* EnterCurrencyView.swift */,
				43D5F5A12B7A7A260030DBF5 /* ExchangeViewController.swift */,
				43D5F5A22B7A7A260030DBF5 /* ExchangeViewModel.swift */,
			);
			path = ExchangeModule;
			sourceTree = "<group>";
		};
		43D5F5A32B7A7A260030DBF5 /* SettingsViewController */ = {
			isa = PBXGroup;
			children = (
				43D5F5A42B7A7A260030DBF5 /* SettingsViewModel.swift */,
				43D5F5A52B7A7A260030DBF5 /* SettingsTableViewCell.swift */,
				43D5F5A62B7A7A260030DBF5 /* SettingsViewController.swift */,
				846073662BBDF752007AF93E /* SettingsHeaderView.swift */,
			);
			path = SettingsViewController;
			sourceTree = "<group>";
		};
		43D5F5A72B7A7A260030DBF5 /* SecondController */ = {
			isa = PBXGroup;
			children = (
				43D5F5A92B7A7A260030DBF5 /* SubViews */,
				43D5F5A82B7A7A260030DBF5 /* CurrencyListTableViewController.swift */,
				43D5F5AC2B7A7A260030DBF5 /* CurrencyListViewModelV2.swift */,
				43D5F5AD2B7A7A260030DBF5 /* SecondViewController.swift */,
			);
			path = SecondController;
			sourceTree = "<group>";
		};
		43D5F5A92B7A7A260030DBF5 /* SubViews */ = {
			isa = PBXGroup;
			children = (
				43D5F5AA2B7A7A260030DBF5 /* CornersWhiteSegmentedControl.swift */,
				43D5F5AB2B7A7A260030DBF5 /* CurrencyListTableViewCell.swift */,
			);
			path = SubViews;
			sourceTree = "<group>";
		};
		43D5F5C72B7A7BA00030DBF5 /* Frameworks */ = {
			isa = PBXGroup;
			children = (
				846073452BBB1A8B007AF93E /* Alamofire.xcframework */,
				846074312BC7EAB7007AF93E /* Alamofire.xcframework */,
				846073432BBB1A8B007AF93E /* Differentiator.xcframework */,
				846074302BC7EAB7007AF93E /* Differentiator.xcframework */,
				846073492BBB1A8B007AF93E /* RxBlocking.xcframework */,
				8460734A2BBB1A8B007AF93E /* RxCocoa.xcframework */,
				846073482BBB1A8B007AF93E /* RxDataSources.xcframework */,
				846073462BBB1A8B007AF93E /* RxRelay.xcframework */,
				846074332BC7EAB7007AF93E /* RxRelay.xcframework */,
				846073442BBB1A8B007AF93E /* RxSwift.xcframework */,
				8460742B2BC7EAB7007AF93E /* RxBlocking.xcframework */,
				8460742C2BC7EAB7007AF93E /* RxCocoa.xcframework */,
				8460742D2BC7EAB7007AF93E /* RxDataSources.xcframework */,
				8460742E2BC7EAB7007AF93E /* RxSwift.xcframework */,
				846074322BC7EAB7007AF93E /* SDWebImage.xcframework */,
				8460742F2BC7EAB7007AF93E /* SDWebImageMapKit.xcframework */,
				8460734C2BBB1A8B007AF93E /* RxTest.xcframework */,
				846073472BBB1A8B007AF93E /* SDWebImage.xcframework */,
				8460734B2BBB1A8B007AF93E /* SDWebImageMapKit.xcframework */,
				43D5F5EC2B7A85750030DBF5 /* WidgetKit.framework */,
				43D5F5EE2B7A85750030DBF5 /* SwiftUI.framework */,
			);
			name = Frameworks;
			sourceTree = "<group>";
		};
		43D5F5F02B7A85750030DBF5 /* Widget Money Extension */ = {
			isa = PBXGroup;
			children = (
				43D5F5FF2B7A86820030DBF5 /* WidgetViews */,
				43D5F5F12B7A85750030DBF5 /* Widget_Money_ExtensionBundle.swift */,
				846073622BBC9F6A007AF93E /* ExtensionsForIOS17.swift */,
				43D5F5F32B7A85750030DBF5 /* Widget_Money_Extension.swift */,
				43D5F5F52B7A857D0030DBF5 /* Assets.xcassets */,
				43D5F5F72B7A857D0030DBF5 /* Info.plist */,
				84B95E3E2BD527ED00EE9CEC /* LiteFetcherForWidget.swift */,
			);
			path = "Widget Money Extension";
			sourceTree = "<group>";
		};
		43D5F5FF2B7A86820030DBF5 /* WidgetViews */ = {
			isa = PBXGroup;
			children = (
				43D5F6012B7A86820030DBF5 /* SmallWidgetView.swift */,
				43D5F6062B7A869E0030DBF5 /* MediumWidgetView.swift */,
				43D5F6002B7A86820030DBF5 /* SmallCell.swift */,
				43D5F60C2B7A86F60030DBF5 /* BigCell.swift */,
				43D5F6112B7A89280030DBF5 /* EmptyCell.swift */,
				8450C9D92BD6CAB000E1C255 /* CustomDivider.swift */,
			);
			path = WidgetViews;
			sourceTree = "<group>";
		};
		8450C9E12BDAC11700E1C255 /* BottomBlock */ = {
			isa = PBXGroup;
			children = (
				8450C9E22BDAC18200E1C255 /* BottomBlockView.swift */,
				43D5F58F2B7A7A260030DBF5 /* DetailsModule */,
			);
			path = BottomBlock;
			sourceTree = "<group>";
		};
		846073FA2BC6F541007AF93E /* Screens */ = {
			isa = PBXGroup;
			children = (
				846074002BC6F78E007AF93E /* Light 1.png */,
				846073FE2BC6F787007AF93E /* Light 2.png */,
				846074022BC6F796007AF93E /* Light 3.png */,
				846074042BC6F7A0007AF93E /* Dark 1.png */,
				846074062BC6F7A8007AF93E /* Dark 2.png */,
				846074082BC6F7B0007AF93E /* Dark 3.png */,
				8460740A2BC6F7B9007AF93E /* Widgets.png */,
			);
			path = Screens;
			sourceTree = "<group>";
		};
/* End PBXGroup section */

/* Begin PBXNativeTarget section */
		43D5F5462B7A764D0030DBF5 /* Widget Money */ = {
			isa = PBXNativeTarget;
			buildConfigurationList = 43D5F55B2B7A76510030DBF5 /* Build configuration list for PBXNativeTarget "Widget Money" */;
			buildPhases = (
				43D5F5432B7A764D0030DBF5 /* Sources */,
				43D5F5442B7A764D0030DBF5 /* Frameworks */,
				43D5F5452B7A764D0030DBF5 /* Resources */,
				43D5F5FB2B7A857D0030DBF5 /* Embed Foundation Extensions */,
				846074462BC7EAB7007AF93E /* Embed Frameworks */,
			);
			buildRules = (
			);
			dependencies = (
				43D5F5F92B7A857D0030DBF5 /* PBXTargetDependency */,
			);
			name = "Widget Money";
			packageProductDependencies = (
				8439278A2BC9354200FED905 /* FirebaseAnalytics */,
				8439278C2BC9354200FED905 /* FirebaseAnalyticsSwift */,
				8439278E2BC9354200FED905 /* FirebaseFunctions */,
				8450C9DF2BD80D3A00E1C255 /* GoogleMobileAds */,
			);
			productName = "Widget Money";
			productReference = 43D5F5472B7A764D0030DBF5 /* Widget Money.app */;
			productType = "com.apple.product-type.application";
		};
		43D5F5EA2B7A85750030DBF5 /* Widget Money ExtensionExtension */ = {
			isa = PBXNativeTarget;
			buildConfigurationList = 43D5F5FE2B7A857D0030DBF5 /* Build configuration list for PBXNativeTarget "Widget Money ExtensionExtension" */;
			buildPhases = (
				43D5F5E72B7A85750030DBF5 /* Sources */,
				43D5F5E82B7A85750030DBF5 /* Frameworks */,
				43D5F5E92B7A85750030DBF5 /* Resources */,
			);
			buildRules = (
			);
			dependencies = (
			);
			name = "Widget Money ExtensionExtension";
			productName = "Widget Money ExtensionExtension";
			productReference = 43D5F5EB2B7A85750030DBF5 /* Widget Money ExtensionExtension.appex */;
			productType = "com.apple.product-type.app-extension";
		};
/* End PBXNativeTarget section */

/* Begin PBXProject section */
		43D5F53F2B7A764C0030DBF5 /* Project object */ = {
			isa = PBXProject;
			attributes = {
				BuildIndependentTargetsInParallel = 1;
				LastSwiftUpdateCheck = 1430;
				LastUpgradeCheck = 1530;
				TargetAttributes = {
					43D5F5462B7A764D0030DBF5 = {
						CreatedOnToolsVersion = 14.3.1;
					};
					43D5F5EA2B7A85750030DBF5 = {
						CreatedOnToolsVersion = 14.3.1;
					};
				};
			};
			buildConfigurationList = 43D5F5422B7A764C0030DBF5 /* Build configuration list for PBXProject "Widget Money" */;
			compatibilityVersion = "Xcode 14.0";
			developmentRegion = en;
			hasScannedForEncodings = 0;
			knownRegions = (
				en,
				Base,
				ru,
			);
			mainGroup = 43D5F53E2B7A764C0030DBF5;
			packageReferences = (
				43EACF352B8670300066F7B8 /* XCRemoteSwiftPackageReference "firebase-ios-sdk" */,
				8450C9DE2BD80D3A00E1C255 /* XCRemoteSwiftPackageReference "swift-package-manager-google-mobile-ads" */,
			);
			productRefGroup = 43D5F5482B7A764D0030DBF5 /* Products */;
			projectDirPath = "";
			projectRoot = "";
			targets = (
				43D5F5462B7A764D0030DBF5 /* Widget Money */,
				43D5F5EA2B7A85750030DBF5 /* Widget Money ExtensionExtension */,
			);
		};
/* End PBXProject section */

/* Begin PBXResourcesBuildPhase section */
		43D5F5452B7A764D0030DBF5 /* Resources */ = {
			isa = PBXResourcesBuildPhase;
			buildActionMask = 2147483647;
			files = (
				846074052BC6F7A0007AF93E /* Dark 1.png in Resources */,
				43D5F5572B7A76510030DBF5 /* LaunchScreen.storyboard in Resources */,
				846074072BC6F7A8007AF93E /* Dark 2.png in Resources */,
				846074292BC7E402007AF93E /* .gitignore in Resources */,
				846073FF2BC6F787007AF93E /* Light 2.png in Resources */,
				846074012BC6F78E007AF93E /* Light 1.png in Resources */,
				846074092BC6F7B0007AF93E /* Dark 3.png in Resources */,
				8450C9DD2BD7D08E00E1C255 /* GoogleService-Info.plist in Resources */,
				437ABC8B2B824E0100E7EAA0 /* Localizable.strings in Resources */,
				8460740B2BC6F7B9007AF93E /* Widgets.png in Resources */,
				846074032BC6F796007AF93E /* Light 3.png in Resources */,
				43D5F5542B7A76510030DBF5 /* Assets.xcassets in Resources */,
			);
			runOnlyForDeploymentPostprocessing = 0;
		};
		43D5F5E92B7A85750030DBF5 /* Resources */ = {
			isa = PBXResourcesBuildPhase;
			buildActionMask = 2147483647;
			files = (
				43D5F5F62B7A857D0030DBF5 /* Assets.xcassets in Resources */,
				8460742A2BC7E402007AF93E /* .gitignore in Resources */,
				437ABC8F2B824FCF00E7EAA0 /* Localizable.strings in Resources */,
			);
			runOnlyForDeploymentPostprocessing = 0;
		};
/* End PBXResourcesBuildPhase section */

/* Begin PBXSourcesBuildPhase section */
		43D5F5432B7A764D0030DBF5 /* Sources */ = {
			isa = PBXSourcesBuildPhase;
			buildActionMask = 2147483647;
			files = (
				43D5F60D2B7A86F60030DBF5 /* BigCell.swift in Sources */,
				43D5F5822B7A79F80030DBF5 /* CurrencyFetcher.swift in Sources */,
				846073672BBDF752007AF93E /* SettingsHeaderView.swift in Sources */,
				43D5F6042B7A86830030DBF5 /* SmallWidgetView.swift in Sources */,
				43D5F6022B7A86830030DBF5 /* SmallCell.swift in Sources */,
				43D5F5C12B7A7A260030DBF5 /* CurrencyListTableViewController.swift in Sources */,
				43D5F5C02B7A7A260030DBF5 /* SettingsViewController.swift in Sources */,
				43D5F58A2B7A7A1C0030DBF5 /* AppColors.swift in Sources */,
				43D5F5B42B7A7A260030DBF5 /* CurrencyPairsListViewModel.swift in Sources */,
				8450C9E32BDAC18200E1C255 /* BottomBlockView.swift in Sources */,
				43D5F5BA2B7A7A260030DBF5 /* ChooseCurrencyTableViewCell.swift in Sources */,
				43D5F54B2B7A764D0030DBF5 /* AppDelegate.swift in Sources */,
				43D5F5B12B7A7A260030DBF5 /* HomeViewController.swift in Sources */,
				43D5F5C62B7A7A270030DBF5 /* TabBarViewController.swift in Sources */,
				43D5F5BC2B7A7A260030DBF5 /* ExchangeViewController.swift in Sources */,
				43D5F54D2B7A764D0030DBF5 /* SceneDelegate.swift in Sources */,
				43D5F5BF2B7A7A260030DBF5 /* SettingsTableViewCell.swift in Sources */,
				43D5F5C42B7A7A260030DBF5 /* CurrencyListViewModelV2.swift in Sources */,
				43D5F5802B7A79F80030DBF5 /* ColorWorker.swift in Sources */,
				43829DDF2B90DC4000E99F42 /* DetailsLongSubBlock.swift in Sources */,
				43D5F6072B7A869E0030DBF5 /* MediumWidgetView.swift in Sources */,
				43D5F5832B7A79F80030DBF5 /* CoinPairWorker.swift in Sources */,
				43D5F60A2B7A86D70030DBF5 /* WidgetCellModel.swift in Sources */,
				437F7C492B8A3E41006DB2F3 /* HeadBlockView.swift in Sources */,
				43D5F58B2B7A7A1C0030DBF5 /* CoinUniversal.swift in Sources */,
				43D5F5BD2B7A7A260030DBF5 /* ExchangeViewModel.swift in Sources */,
				43D5F5B32B7A7A260030DBF5 /* AddTileUIView.swift in Sources */,
				43D5F5B02B7A7A260030DBF5 /* DetailsViewController.swift in Sources */,
				43D5F5B52B7A7A260030DBF5 /* CurrencyPairsListViewController.swift in Sources */,
				43D5F5B72B7A7A260030DBF5 /* CurrencyPairCellModel.swift in Sources */,
				43D5F5C52B7A7A260030DBF5 /* SecondViewController.swift in Sources */,
				43D5F5BE2B7A7A260030DBF5 /* SettingsViewModel.swift in Sources */,
				43D5F5B82B7A7A260030DBF5 /* HeaderView.swift in Sources */,
				43D5F6122B7A89280030DBF5 /* EmptyCell.swift in Sources */,
				43D5F5AF2B7A7A260030DBF5 /* DetailsViewModel.swift in Sources */,
				43D5F5BB2B7A7A260030DBF5 /* EnterCurrencyView.swift in Sources */,
				4378B5602B90F915006CC18E /* DetailsSquareSubBlock.swift in Sources */,
				43D5F57E2B7A79F80030DBF5 /* ExchangeWorker.swift in Sources */,
				43D5F57F2B7A79F80030DBF5 /* SettingsWorker.swift in Sources */,
				43D5F5C32B7A7A260030DBF5 /* CurrencyListTableViewCell.swift in Sources */,
				43D5F57D2B7A79F80030DBF5 /* WidgetWorker.swift in Sources */,
				43829DDB2B8E270900E99F42 /* ArrowScaledView.swift in Sources */,
				43D5F5C22B7A7A260030DBF5 /* CornersWhiteSegmentedControl.swift in Sources */,
				43D5F58C2B7A7A1C0030DBF5 /* Theme.swift in Sources */,
				846073652BBCA000007AF93E /* ExtensionsForIOS17.swift in Sources */,
				8450C9DA2BD6CAB000E1C255 /* CustomDivider.swift in Sources */,
				43D5F5B92B7A7A260030DBF5 /* ChooseCurrencyViewController.swift in Sources */,
				437ABC882B824CA200E7EAA0 /* Extension+String.swift in Sources */,
				43D5F5852B7A79F80030DBF5 /* CoreWorker.swift in Sources */,
				43829DDD2B8E30C900E99F42 /* NameAndCountryBlock.swift in Sources */,
				84B95E3F2BD527ED00EE9CEC /* LiteFetcherForWidget.swift in Sources */,
				43D5F5842B7A79F80030DBF5 /* UniversalCoinWorker.swift in Sources */,
				43D5F5B62B7A7A260030DBF5 /* CurrencyPairCell.swift in Sources */,
			);
			runOnlyForDeploymentPostprocessing = 0;
		};
		43D5F5E72B7A85750030DBF5 /* Sources */ = {
			isa = PBXSourcesBuildPhase;
			buildActionMask = 2147483647;
			files = (
				43D5F60E2B7A86F60030DBF5 /* BigCell.swift in Sources */,
				84B95E402BD527F000EE9CEC /* LiteFetcherForWidget.swift in Sources */,
				43D5F6132B7A89280030DBF5 /* EmptyCell.swift in Sources */,
				43D5F6052B7A86830030DBF5 /* SmallWidgetView.swift in Sources */,
				846073642BBC9F6A007AF93E /* ExtensionsForIOS17.swift in Sources */,
				43D5F6032B7A86830030DBF5 /* SmallCell.swift in Sources */,
				8450C9DB2BD6CAB000E1C255 /* CustomDivider.swift in Sources */,
				43D5F6082B7A869E0030DBF5 /* MediumWidgetView.swift in Sources */,
				43D5F5F42B7A85750030DBF5 /* Widget_Money_Extension.swift in Sources */,
				84B95E422BD533B100EE9CEC /* UniversalCoinWorker.swift in Sources */,
				43D5F5F22B7A85750030DBF5 /* Widget_Money_ExtensionBundle.swift in Sources */,
				84B95E442BD5430800EE9CEC /* CurrencyFetcher.swift in Sources */,
				43D5F60B2B7A86D70030DBF5 /* WidgetCellModel.swift in Sources */,
				84B95E412BD5317F00EE9CEC /* CoinUniversal.swift in Sources */,
			);
			runOnlyForDeploymentPostprocessing = 0;
		};
/* End PBXSourcesBuildPhase section */

/* Begin PBXTargetDependency section */
		43D5F5F92B7A857D0030DBF5 /* PBXTargetDependency */ = {
			isa = PBXTargetDependency;
			target = 43D5F5EA2B7A85750030DBF5 /* Widget Money ExtensionExtension */;
			targetProxy = 43D5F5F82B7A857D0030DBF5 /* PBXContainerItemProxy */;
		};
/* End PBXTargetDependency section */

/* Begin PBXVariantGroup section */
		437ABC8D2B824E0100E7EAA0 /* Localizable.strings */ = {
			isa = PBXVariantGroup;
			children = (
				437ABC8C2B824E0100E7EAA0 /* en */,
				437ABC902B82509800E7EAA0 /* ru */,
			);
			name = Localizable.strings;
			sourceTree = "<group>";
		};
		43D5F5552B7A76510030DBF5 /* LaunchScreen.storyboard */ = {
			isa = PBXVariantGroup;
			children = (
				43D5F5562B7A76510030DBF5 /* Base */,
			);
			name = LaunchScreen.storyboard;
			sourceTree = "<group>";
		};
/* End PBXVariantGroup section */

/* Begin XCBuildConfiguration section */
		43D5F5592B7A76510030DBF5 /* Debug */ = {
			isa = XCBuildConfiguration;
			buildSettings = {
				ALWAYS_SEARCH_USER_PATHS = NO;
				CLANG_ANALYZER_LOCALIZABILITY_NONLOCALIZED = YES;
				CLANG_ANALYZER_NONNULL = YES;
				CLANG_ANALYZER_NUMBER_OBJECT_CONVERSION = YES_AGGRESSIVE;
				CLANG_CXX_LANGUAGE_STANDARD = "gnu++20";
				CLANG_ENABLE_MODULES = YES;
				CLANG_ENABLE_OBJC_ARC = YES;
				CLANG_ENABLE_OBJC_WEAK = YES;
				CLANG_WARN_BLOCK_CAPTURE_AUTORELEASING = YES;
				CLANG_WARN_BOOL_CONVERSION = YES;
				CLANG_WARN_COMMA = YES;
				CLANG_WARN_CONSTANT_CONVERSION = YES;
				CLANG_WARN_DEPRECATED_OBJC_IMPLEMENTATIONS = YES;
				CLANG_WARN_DIRECT_OBJC_ISA_USAGE = YES_ERROR;
				CLANG_WARN_DOCUMENTATION_COMMENTS = YES;
				CLANG_WARN_EMPTY_BODY = YES;
				CLANG_WARN_ENUM_CONVERSION = YES;
				CLANG_WARN_INFINITE_RECURSION = YES;
				CLANG_WARN_INT_CONVERSION = YES;
				CLANG_WARN_NON_LITERAL_NULL_CONVERSION = YES;
				CLANG_WARN_OBJC_IMPLICIT_RETAIN_SELF = YES;
				CLANG_WARN_OBJC_LITERAL_CONVERSION = YES;
				CLANG_WARN_OBJC_ROOT_CLASS = YES_ERROR;
				CLANG_WARN_QUOTED_INCLUDE_IN_FRAMEWORK_HEADER = YES;
				CLANG_WARN_RANGE_LOOP_ANALYSIS = YES;
				CLANG_WARN_STRICT_PROTOTYPES = YES;
				CLANG_WARN_SUSPICIOUS_MOVE = YES;
				CLANG_WARN_UNGUARDED_AVAILABILITY = YES_AGGRESSIVE;
				CLANG_WARN_UNREACHABLE_CODE = YES;
				CLANG_WARN__DUPLICATE_METHOD_MATCH = YES;
				COPY_PHASE_STRIP = NO;
				DEBUG_INFORMATION_FORMAT = dwarf;
				ENABLE_STRICT_OBJC_MSGSEND = YES;
				ENABLE_TESTABILITY = YES;
				ENABLE_USER_SCRIPT_SANDBOXING = YES;
				GCC_C_LANGUAGE_STANDARD = gnu11;
				GCC_DYNAMIC_NO_PIC = NO;
				GCC_NO_COMMON_BLOCKS = YES;
				GCC_OPTIMIZATION_LEVEL = 0;
				GCC_PREPROCESSOR_DEFINITIONS = (
					"DEBUG=1",
					"$(inherited)",
				);
				GCC_WARN_64_TO_32_BIT_CONVERSION = YES;
				GCC_WARN_ABOUT_RETURN_TYPE = YES_ERROR;
				GCC_WARN_UNDECLARED_SELECTOR = YES;
				GCC_WARN_UNINITIALIZED_AUTOS = YES_AGGRESSIVE;
				GCC_WARN_UNUSED_FUNCTION = YES;
				GCC_WARN_UNUSED_VARIABLE = YES;
				IPHONEOS_DEPLOYMENT_TARGET = 15.0;
				MTL_ENABLE_DEBUG_INFO = INCLUDE_SOURCE;
				MTL_FAST_MATH = YES;
				ONLY_ACTIVE_ARCH = YES;
				SDKROOT = iphoneos;
				SWIFT_ACTIVE_COMPILATION_CONDITIONS = DEBUG;
				SWIFT_OPTIMIZATION_LEVEL = "-Onone";
			};
			name = Debug;
		};
		43D5F55A2B7A76510030DBF5 /* Release */ = {
			isa = XCBuildConfiguration;
			buildSettings = {
				ALWAYS_SEARCH_USER_PATHS = NO;
				CLANG_ANALYZER_LOCALIZABILITY_NONLOCALIZED = YES;
				CLANG_ANALYZER_NONNULL = YES;
				CLANG_ANALYZER_NUMBER_OBJECT_CONVERSION = YES_AGGRESSIVE;
				CLANG_CXX_LANGUAGE_STANDARD = "gnu++20";
				CLANG_ENABLE_MODULES = YES;
				CLANG_ENABLE_OBJC_ARC = YES;
				CLANG_ENABLE_OBJC_WEAK = YES;
				CLANG_WARN_BLOCK_CAPTURE_AUTORELEASING = YES;
				CLANG_WARN_BOOL_CONVERSION = YES;
				CLANG_WARN_COMMA = YES;
				CLANG_WARN_CONSTANT_CONVERSION = YES;
				CLANG_WARN_DEPRECATED_OBJC_IMPLEMENTATIONS = YES;
				CLANG_WARN_DIRECT_OBJC_ISA_USAGE = YES_ERROR;
				CLANG_WARN_DOCUMENTATION_COMMENTS = YES;
				CLANG_WARN_EMPTY_BODY = YES;
				CLANG_WARN_ENUM_CONVERSION = YES;
				CLANG_WARN_INFINITE_RECURSION = YES;
				CLANG_WARN_INT_CONVERSION = YES;
				CLANG_WARN_NON_LITERAL_NULL_CONVERSION = YES;
				CLANG_WARN_OBJC_IMPLICIT_RETAIN_SELF = YES;
				CLANG_WARN_OBJC_LITERAL_CONVERSION = YES;
				CLANG_WARN_OBJC_ROOT_CLASS = YES_ERROR;
				CLANG_WARN_QUOTED_INCLUDE_IN_FRAMEWORK_HEADER = YES;
				CLANG_WARN_RANGE_LOOP_ANALYSIS = YES;
				CLANG_WARN_STRICT_PROTOTYPES = YES;
				CLANG_WARN_SUSPICIOUS_MOVE = YES;
				CLANG_WARN_UNGUARDED_AVAILABILITY = YES_AGGRESSIVE;
				CLANG_WARN_UNREACHABLE_CODE = YES;
				CLANG_WARN__DUPLICATE_METHOD_MATCH = YES;
				COPY_PHASE_STRIP = NO;
				DEBUG_INFORMATION_FORMAT = "dwarf-with-dsym";
				ENABLE_NS_ASSERTIONS = NO;
				ENABLE_STRICT_OBJC_MSGSEND = YES;
				ENABLE_USER_SCRIPT_SANDBOXING = YES;
				GCC_C_LANGUAGE_STANDARD = gnu11;
				GCC_NO_COMMON_BLOCKS = YES;
				GCC_WARN_64_TO_32_BIT_CONVERSION = YES;
				GCC_WARN_ABOUT_RETURN_TYPE = YES_ERROR;
				GCC_WARN_UNDECLARED_SELECTOR = YES;
				GCC_WARN_UNINITIALIZED_AUTOS = YES_AGGRESSIVE;
				GCC_WARN_UNUSED_FUNCTION = YES;
				GCC_WARN_UNUSED_VARIABLE = YES;
				IPHONEOS_DEPLOYMENT_TARGET = 15.0;
				MTL_ENABLE_DEBUG_INFO = NO;
				MTL_FAST_MATH = YES;
				SDKROOT = iphoneos;
				SWIFT_COMPILATION_MODE = wholemodule;
				SWIFT_OPTIMIZATION_LEVEL = "-O";
				VALIDATE_PRODUCT = YES;
			};
			name = Release;
		};
		43D5F55C2B7A76510030DBF5 /* Debug */ = {
			isa = XCBuildConfiguration;
			buildSettings = {
				ALWAYS_EMBED_SWIFT_STANDARD_LIBRARIES = YES;
				ASSETCATALOG_COMPILER_APPICON_NAME = AppIcon;
				ASSETCATALOG_COMPILER_GLOBAL_ACCENT_COLOR_NAME = AccentColor;
				ASSETCATALOG_COMPILER_INCLUDE_ALL_APPICON_ASSETS = YES;
				CODE_SIGN_ENTITLEMENTS = "Widget Money/Widget Money.entitlements";
				CODE_SIGN_STYLE = Automatic;
				CURRENT_PROJECT_VERSION = 1;
				DEVELOPMENT_TEAM = DV2KL8GXVB;
				GENERATE_INFOPLIST_FILE = YES;
				INFOPLIST_FILE = "Widget Money/Info.plist";
				INFOPLIST_KEY_CFBundleDisplayName = "Widget Money";
				INFOPLIST_KEY_LSApplicationCategoryType = "public.app-category.finance";
				INFOPLIST_KEY_UIApplicationSupportsIndirectInputEvents = YES;
				INFOPLIST_KEY_UILaunchStoryboardName = LaunchScreen.storyboard;
				INFOPLIST_KEY_UIRequiresFullScreen = YES;
				INFOPLIST_KEY_UIStatusBarStyle = "";
				INFOPLIST_KEY_UISupportedInterfaceOrientations = "UIInterfaceOrientationPortrait UIInterfaceOrientationPortraitUpsideDown";
				IPHONEOS_DEPLOYMENT_TARGET = 15.0;
				LD_RUNPATH_SEARCH_PATHS = (
					"$(inherited)",
					"@executable_path/Frameworks",
				);
				MARKETING_VERSION = 1.0;
				PRODUCT_BUNDLE_IDENTIFIER = com.sloniklm.WidgetMoney;
				PRODUCT_NAME = "$(TARGET_NAME)";
				SUPPORTED_PLATFORMS = "iphoneos iphonesimulator";
				SUPPORTS_MACCATALYST = NO;
				SUPPORTS_MAC_DESIGNED_FOR_IPHONE_IPAD = NO;
				SUPPORTS_XR_DESIGNED_FOR_IPHONE_IPAD = NO;
				SWIFT_EMIT_LOC_STRINGS = YES;
				SWIFT_VERSION = 5.0;
				TARGETED_DEVICE_FAMILY = "1,2";
			};
			name = Debug;
		};
		43D5F55D2B7A76510030DBF5 /* Release */ = {
			isa = XCBuildConfiguration;
			buildSettings = {
				ALWAYS_EMBED_SWIFT_STANDARD_LIBRARIES = YES;
				ASSETCATALOG_COMPILER_APPICON_NAME = AppIcon;
				ASSETCATALOG_COMPILER_GLOBAL_ACCENT_COLOR_NAME = AccentColor;
				ASSETCATALOG_COMPILER_INCLUDE_ALL_APPICON_ASSETS = YES;
				CODE_SIGN_ENTITLEMENTS = "Widget Money/Widget Money.entitlements";
				CODE_SIGN_STYLE = Automatic;
				CURRENT_PROJECT_VERSION = 1;
				DEVELOPMENT_TEAM = DV2KL8GXVB;
				GENERATE_INFOPLIST_FILE = YES;
				INFOPLIST_FILE = "Widget Money/Info.plist";
				INFOPLIST_KEY_CFBundleDisplayName = "Widget Money";
				INFOPLIST_KEY_LSApplicationCategoryType = "public.app-category.finance";
				INFOPLIST_KEY_UIApplicationSupportsIndirectInputEvents = YES;
				INFOPLIST_KEY_UILaunchStoryboardName = LaunchScreen.storyboard;
				INFOPLIST_KEY_UIRequiresFullScreen = YES;
				INFOPLIST_KEY_UIStatusBarStyle = "";
				INFOPLIST_KEY_UISupportedInterfaceOrientations = "UIInterfaceOrientationPortrait UIInterfaceOrientationPortraitUpsideDown";
				IPHONEOS_DEPLOYMENT_TARGET = 15.0;
				LD_RUNPATH_SEARCH_PATHS = (
					"$(inherited)",
					"@executable_path/Frameworks",
				);
				MARKETING_VERSION = 1.0;
				PRODUCT_BUNDLE_IDENTIFIER = com.sloniklm.WidgetMoney;
				PRODUCT_NAME = "$(TARGET_NAME)";
				SUPPORTED_PLATFORMS = "iphoneos iphonesimulator";
				SUPPORTS_MACCATALYST = NO;
				SUPPORTS_MAC_DESIGNED_FOR_IPHONE_IPAD = NO;
				SUPPORTS_XR_DESIGNED_FOR_IPHONE_IPAD = NO;
				SWIFT_EMIT_LOC_STRINGS = YES;
				SWIFT_VERSION = 5.0;
				TARGETED_DEVICE_FAMILY = "1,2";
			};
			name = Release;
		};
		43D5F5FC2B7A857D0030DBF5 /* Debug */ = {
			isa = XCBuildConfiguration;
			buildSettings = {
				ASSETCATALOG_COMPILER_GLOBAL_ACCENT_COLOR_NAME = AccentColor;
				ASSETCATALOG_COMPILER_WIDGET_BACKGROUND_COLOR_NAME = WidgetBackground;
				CODE_SIGN_ENTITLEMENTS = "Widget Money ExtensionExtension.entitlements";
				CODE_SIGN_STYLE = Automatic;
				CURRENT_PROJECT_VERSION = 1;
				DEVELOPMENT_TEAM = DV2KL8GXVB;
				GENERATE_INFOPLIST_FILE = YES;
				INFOPLIST_FILE = "Widget Money Extension/Info.plist";
				INFOPLIST_KEY_CFBundleDisplayName = "Widget Money Extension";
				INFOPLIST_KEY_NSHumanReadableCopyright = "";
				LD_RUNPATH_SEARCH_PATHS = (
					"$(inherited)",
					"@executable_path/Frameworks",
					"@executable_path/../../Frameworks",
				);
				MARKETING_VERSION = 1.0;
				PRODUCT_BUNDLE_IDENTIFIER = "com.sloniklm.WidgetMoney.Widget-Money-Extension";
				PRODUCT_NAME = "$(TARGET_NAME)";
				SKIP_INSTALL = YES;
				SWIFT_EMIT_LOC_STRINGS = YES;
				SWIFT_VERSION = 5.0;
				TARGETED_DEVICE_FAMILY = "1,2";
			};
			name = Debug;
		};
		43D5F5FD2B7A857D0030DBF5 /* Release */ = {
			isa = XCBuildConfiguration;
			buildSettings = {
				ASSETCATALOG_COMPILER_GLOBAL_ACCENT_COLOR_NAME = AccentColor;
				ASSETCATALOG_COMPILER_WIDGET_BACKGROUND_COLOR_NAME = WidgetBackground;
				CODE_SIGN_ENTITLEMENTS = "Widget Money ExtensionExtension.entitlements";
				CODE_SIGN_STYLE = Automatic;
				CURRENT_PROJECT_VERSION = 1;
				DEVELOPMENT_TEAM = DV2KL8GXVB;
				GENERATE_INFOPLIST_FILE = YES;
				INFOPLIST_FILE = "Widget Money Extension/Info.plist";
				INFOPLIST_KEY_CFBundleDisplayName = "Widget Money Extension";
				INFOPLIST_KEY_NSHumanReadableCopyright = "";
				LD_RUNPATH_SEARCH_PATHS = (
					"$(inherited)",
					"@executable_path/Frameworks",
					"@executable_path/../../Frameworks",
				);
				MARKETING_VERSION = 1.0;
				PRODUCT_BUNDLE_IDENTIFIER = "com.sloniklm.WidgetMoney.Widget-Money-Extension";
				PRODUCT_NAME = "$(TARGET_NAME)";
				SKIP_INSTALL = YES;
				SWIFT_EMIT_LOC_STRINGS = YES;
				SWIFT_VERSION = 5.0;
				TARGETED_DEVICE_FAMILY = "1,2";
			};
			name = Release;
		};
/* End XCBuildConfiguration section */

/* Begin XCConfigurationList section */
		43D5F5422B7A764C0030DBF5 /* Build configuration list for PBXProject "Widget Money" */ = {
			isa = XCConfigurationList;
			buildConfigurations = (
				43D5F5592B7A76510030DBF5 /* Debug */,
				43D5F55A2B7A76510030DBF5 /* Release */,
			);
			defaultConfigurationIsVisible = 0;
			defaultConfigurationName = Release;
		};
		43D5F55B2B7A76510030DBF5 /* Build configuration list for PBXNativeTarget "Widget Money" */ = {
			isa = XCConfigurationList;
			buildConfigurations = (
				43D5F55C2B7A76510030DBF5 /* Debug */,
				43D5F55D2B7A76510030DBF5 /* Release */,
			);
			defaultConfigurationIsVisible = 0;
			defaultConfigurationName = Release;
		};
		43D5F5FE2B7A857D0030DBF5 /* Build configuration list for PBXNativeTarget "Widget Money ExtensionExtension" */ = {
			isa = XCConfigurationList;
			buildConfigurations = (
				43D5F5FC2B7A857D0030DBF5 /* Debug */,
				43D5F5FD2B7A857D0030DBF5 /* Release */,
			);
			defaultConfigurationIsVisible = 0;
			defaultConfigurationName = Release;
		};
/* End XCConfigurationList section */

/* Begin XCRemoteSwiftPackageReference section */
		43EACF352B8670300066F7B8 /* XCRemoteSwiftPackageReference "firebase-ios-sdk" */ = {
			isa = XCRemoteSwiftPackageReference;
			repositoryURL = "https://github.com/firebase/firebase-ios-sdk";
			requirement = {
				kind = upToNextMajorVersion;
				minimumVersion = 10.0.0;
			};
		};
		8450C9DE2BD80D3A00E1C255 /* XCRemoteSwiftPackageReference "swift-package-manager-google-mobile-ads" */ = {
			isa = XCRemoteSwiftPackageReference;
			repositoryURL = "https://github.com/googleads/swift-package-manager-google-mobile-ads";
			requirement = {
				kind = upToNextMajorVersion;
				minimumVersion = 11.3.0;
			};
		};
/* End XCRemoteSwiftPackageReference section */

/* Begin XCSwiftPackageProductDependency section */
		8439278A2BC9354200FED905 /* FirebaseAnalytics */ = {
			isa = XCSwiftPackageProductDependency;
			package = 43EACF352B8670300066F7B8 /* XCRemoteSwiftPackageReference "firebase-ios-sdk" */;
			productName = FirebaseAnalytics;
		};
		8439278C2BC9354200FED905 /* FirebaseAnalyticsSwift */ = {
			isa = XCSwiftPackageProductDependency;
			package = 43EACF352B8670300066F7B8 /* XCRemoteSwiftPackageReference "firebase-ios-sdk" */;
			productName = FirebaseAnalyticsSwift;
		};
		8439278E2BC9354200FED905 /* FirebaseFunctions */ = {
			isa = XCSwiftPackageProductDependency;
			package = 43EACF352B8670300066F7B8 /* XCRemoteSwiftPackageReference "firebase-ios-sdk" */;
			productName = FirebaseFunctions;
		};
		8450C9DF2BD80D3A00E1C255 /* GoogleMobileAds */ = {
			isa = XCSwiftPackageProductDependency;
			package = 8450C9DE2BD80D3A00E1C255 /* XCRemoteSwiftPackageReference "swift-package-manager-google-mobile-ads" */;
			productName = GoogleMobileAds;
		};
/* End XCSwiftPackageProductDependency section */
	};
	rootObject = 43D5F53F2B7A764C0030DBF5 /* Project object */;
}
